// !$*UTF8*$!
{
	archiveVersion = 1;
	classes = {
	};
	objectVersion = 56;
	objects = {

/* Begin PBXBuildFile section */
		A10000000000000000000016 /* Wordbook.swift in Sources */ = {isa = PBXBuildFile; fileRef = A20000000000000000000016 /* Wordbook.swift */; };
		A10000000000000000000017 /* WordbookView.swift in Sources */ = {isa = PBXBuildFile; fileRef = A20000000000000000000017 /* WordbookView.swift */; };
		A10000000000000000000018 /* WordbookTests.swift in Sources */ = {isa = PBXBuildFile; fileRef = A20000000000000000000018 /* WordbookTests.swift */; };
		A10000000000000000000001 /* GlossaApp.swift in Sources */ = {isa = PBXBuildFile; fileRef = A20000000000000000000001 /* GlossaApp.swift */; };
		A10000000000000000000002 /* PromptTemplate.swift in Sources */ = {isa = PBXBuildFile; fileRef = A20000000000000000000002 /* PromptTemplate.swift */; };
		A10000000000000000000003 /* PromptSettingsView.swift in Sources */ = {isa = PBXBuildFile; fileRef = A20000000000000000000003 /* PromptSettingsView.swift */; };
		A10000000000000000000004 /* PromptTemplateTests.swift in Sources */ = {isa = PBXBuildFile; fileRef = A20000000000000000000004 /* PromptTemplateTests.swift */; };
		A1000000000000000000000A /* GlobalHotKey.swift in Sources */ = {isa = PBXBuildFile; fileRef = A2000000000000000000000A /* GlobalHotKey.swift */; };
		A1000000000000000000000B /* SelectedText.swift in Sources */ = {isa = PBXBuildFile; fileRef = A2000000000000000000000B /* SelectedText.swift */; };
		A1000000000000000000000C /* LookupController.swift in Sources */ = {isa = PBXBuildFile; fileRef = A2000000000000000000000C /* LookupController.swift */; };
		A1000000000000000000000D /* LookupPanel.swift in Sources */ = {isa = PBXBuildFile; fileRef = A2000000000000000000000D /* LookupPanel.swift */; };
		A1000000000000000000000E /* APIConfiguration.swift in Sources */ = {isa = PBXBuildFile; fileRef = A2000000000000000000000E /* APIConfiguration.swift */; };
		A1000000000000000000000F /* ChatCompletionsClient.swift in Sources */ = {isa = PBXBuildFile; fileRef = A2000000000000000000000F /* ChatCompletionsClient.swift */; };
		A10000000000000000000010 /* APISettingsView.swift in Sources */ = {isa = PBXBuildFile; fileRef = A20000000000000000000010 /* APISettingsView.swift */; };
		A10000000000000000000011 /* ChatCompletionsTests.swift in Sources */ = {isa = PBXBuildFile; fileRef = A20000000000000000000011 /* ChatCompletionsTests.swift */; };
		A10000000000000000000012 /* ClipboardSelectionReader.swift in Sources */ = {isa = PBXBuildFile; fileRef = A20000000000000000000012 /* ClipboardSelectionReader.swift */; };
		A10000000000000000000013 /* TranslationFlow.swift in Sources */ = {isa = PBXBuildFile; fileRef = A20000000000000000000013 /* TranslationFlow.swift */; };
		A10000000000000000000014 /* GlossaIcon.icon in Resources */ = {isa = PBXBuildFile; fileRef = A20000000000000000000014 /* GlossaIcon.icon */; };
		A10000000000000000000015 /* dict.svg in Resources */ = {isa = PBXBuildFile; fileRef = A20000000000000000000015 /* dict.svg */; };
/* End PBXBuildFile section */

/* Begin PBXContainerItemProxy section */
		A30000000000000000000001 /* PBXContainerItemProxy */ = {
			isa = PBXContainerItemProxy;
			containerPortal = A90000000000000000000001 /* Project object */;
			proxyType = 1;
			remoteGlobalIDString = A80000000000000000000001;
			remoteInfo = Glossa;
		};
/* End PBXContainerItemProxy section */

/* Begin PBXFileReference section */
		A20000000000000000000016 /* Wordbook.swift */ = {isa = PBXFileReference; lastKnownFileType = sourcecode.swift; path = Wordbook.swift; sourceTree = "<group>"; };
		A20000000000000000000017 /* WordbookView.swift */ = {isa = PBXFileReference; lastKnownFileType = sourcecode.swift; path = WordbookView.swift; sourceTree = "<group>"; };
		A20000000000000000000018 /* WordbookTests.swift */ = {isa = PBXFileReference; lastKnownFileType = sourcecode.swift; path = WordbookTests.swift; sourceTree = "<group>"; };
		A20000000000000000000001 /* GlossaApp.swift */ = {isa = PBXFileReference; lastKnownFileType = sourcecode.swift; path = GlossaApp.swift; sourceTree = "<group>"; };
		A20000000000000000000002 /* PromptTemplate.swift */ = {isa = PBXFileReference; lastKnownFileType = sourcecode.swift; path = PromptTemplate.swift; sourceTree = "<group>"; };
		A20000000000000000000003 /* PromptSettingsView.swift */ = {isa = PBXFileReference; lastKnownFileType = sourcecode.swift; path = PromptSettingsView.swift; sourceTree = "<group>"; };
		A20000000000000000000004 /* PromptTemplateTests.swift */ = {isa = PBXFileReference; lastKnownFileType = sourcecode.swift; path = PromptTemplateTests.swift; sourceTree = "<group>"; };
		A20000000000000000000005 /* Info.plist */ = {isa = PBXFileReference; lastKnownFileType = text.plist.xml; path = Info.plist; sourceTree = "<group>"; };
		A20000000000000000000006 /* Glossa.entitlements */ = {isa = PBXFileReference; lastKnownFileType = text.plist.entitlements; path = Glossa.entitlements; sourceTree = "<group>"; };
		A20000000000000000000007 /* Shared.xcconfig */ = {isa = PBXFileReference; lastKnownFileType = text.xcconfig; path = Shared.xcconfig; sourceTree = "<group>"; };
		A20000000000000000000008 /* Glossa.app */ = {isa = PBXFileReference; explicitFileType = wrapper.application; includeInIndex = 0; path = Glossa.app; sourceTree = BUILT_PRODUCTS_DIR; };
		A20000000000000000000009 /* GlossaTests.xctest */ = {isa = PBXFileReference; explicitFileType = wrapper.cfbundle; includeInIndex = 0; path = GlossaTests.xctest; sourceTree = BUILT_PRODUCTS_DIR; };
		A2000000000000000000000A /* GlobalHotKey.swift */ = {isa = PBXFileReference; lastKnownFileType = sourcecode.swift; path = GlobalHotKey.swift; sourceTree = "<group>"; };
		A2000000000000000000000B /* SelectedText.swift */ = {isa = PBXFileReference; lastKnownFileType = sourcecode.swift; path = SelectedText.swift; sourceTree = "<group>"; };
		A2000000000000000000000C /* LookupController.swift */ = {isa = PBXFileReference; lastKnownFileType = sourcecode.swift; path = LookupController.swift; sourceTree = "<group>"; };
		A2000000000000000000000D /* LookupPanel.swift */ = {isa = PBXFileReference; lastKnownFileType = sourcecode.swift; path = LookupPanel.swift; sourceTree = "<group>"; };
		A2000000000000000000000E /* APIConfiguration.swift */ = {isa = PBXFileReference; lastKnownFileType = sourcecode.swift; path = APIConfiguration.swift; sourceTree = "<group>"; };
		A2000000000000000000000F /* ChatCompletionsClient.swift */ = {isa = PBXFileReference; lastKnownFileType = sourcecode.swift; path = ChatCompletionsClient.swift; sourceTree = "<group>"; };
		A20000000000000000000010 /* APISettingsView.swift */ = {isa = PBXFileReference; lastKnownFileType = sourcecode.swift; path = APISettingsView.swift; sourceTree = "<group>"; };
		A20000000000000000000011 /* ChatCompletionsTests.swift */ = {isa = PBXFileReference; lastKnownFileType = sourcecode.swift; path = ChatCompletionsTests.swift; sourceTree = "<group>"; };
		A20000000000000000000012 /* ClipboardSelectionReader.swift */ = {isa = PBXFileReference; lastKnownFileType = sourcecode.swift; path = ClipboardSelectionReader.swift; sourceTree = "<group>"; };
		A20000000000000000000013 /* TranslationFlow.swift */ = {isa = PBXFileReference; lastKnownFileType = sourcecode.swift; path = TranslationFlow.swift; sourceTree = "<group>"; };
		A20000000000000000000014 /* GlossaIcon.icon */ = {isa = PBXFileReference; path = GlossaIcon.icon; sourceTree = "<group>"; };
		A20000000000000000000015 /* dict.svg */ = {isa = PBXFileReference; path = GlossaIcon.icon/Assets/dict.svg; sourceTree = "<group>"; };
/* End PBXFileReference section */

/* Begin PBXFrameworksBuildPhase section */
		A40000000000000000000001 /* Frameworks */ = {
			isa = PBXFrameworksBuildPhase;
			buildActionMask = 2147483647;
			files = (
			);
			runOnlyForDeploymentPostprocessing = 0;
		};
		A40000000000000000000002 /* Frameworks */ = {
			isa = PBXFrameworksBuildPhase;
			buildActionMask = 2147483647;
			files = (
			);
			runOnlyForDeploymentPostprocessing = 0;
		};
/* End PBXFrameworksBuildPhase section */

/* Begin PBXGroup section */
		A50000000000000000000001 = {
			isa = PBXGroup;
			children = (
				A20000000000000000000014 /* GlossaIcon.icon */,
				A20000000000000000000015 /* dict.svg */,
				A50000000000000000000002 /* Glossa */,
				A50000000000000000000003 /* GlossaTests */,
				A50000000000000000000004 /* Config */,
				A50000000000000000000005 /* Products */,
			);
			sourceTree = "<group>";
		};
		A50000000000000000000002 /* Glossa */ = {
			isa = PBXGroup;
			children = (
				A20000000000000000000001 /* GlossaApp.swift */,
				A20000000000000000000002 /* PromptTemplate.swift */,
				A20000000000000000000013 /* TranslationFlow.swift */,
				A20000000000000000000003 /* PromptSettingsView.swift */,
				A20000000000000000000010 /* APISettingsView.swift */,
				A2000000000000000000000F /* ChatCompletionsClient.swift */,
				A2000000000000000000000E /* APIConfiguration.swift */,
				A2000000000000000000000A /* GlobalHotKey.swift */,
				A2000000000000000000000B /* SelectedText.swift */,
				A20000000000000000000012 /* ClipboardSelectionReader.swift */,
				A2000000000000000000000C /* LookupController.swift */,
				A2000000000000000000000D /* LookupPanel.swift */,
				A20000000000000000000016 /* Wordbook.swift */,
				A20000000000000000000017 /* WordbookView.swift */,
				A20000000000000000000005 /* Info.plist */,
				A20000000000000000000006 /* Glossa.entitlements */,
			);
			path = Glossa;
			sourceTree = "<group>";
		};
		A50000000000000000000003 /* GlossaTests */ = {
			isa = PBXGroup;
			children = (
				A20000000000000000000004 /* PromptTemplateTests.swift */,
				A20000000000000000000011 /* ChatCompletionsTests.swift */,
				A20000000000000000000018 /* WordbookTests.swift */,
			);
			path = GlossaTests;
			sourceTree = "<group>";
		};
		A50000000000000000000004 /* Config */ = {
			isa = PBXGroup;
			children = (
				A20000000000000000000007 /* Shared.xcconfig */,
			);
			path = Config;
			sourceTree = "<group>";
		};
		A50000000000000000000005 /* Products */ = {
			isa = PBXGroup;
			children = (
				A20000000000000000000008 /* Glossa.app */,
				A20000000000000000000009 /* GlossaTests.xctest */,
			);
			name = Products;
			sourceTree = "<group>";
		};
/* End PBXGroup section */

/* Begin PBXNativeTarget section */
		A80000000000000000000001 /* Glossa */ = {
			isa = PBXNativeTarget;
			buildConfigurationList = AB0000000000000000000002 /* Build configuration list for PBXNativeTarget "Glossa" */;
			buildPhases = (
				A60000000000000000000001 /* Sources */,
				A40000000000000000000001 /* Frameworks */,
				A70000000000000000000001 /* Resources */,
			);
			buildRules = (
			);
			dependencies = (
			);
			name = Glossa;
			productName = Glossa;
			productReference = A20000000000000000000008 /* Glossa.app */;
			productType = "com.apple.product-type.application";
		};
		A80000000000000000000002 /* GlossaTests */ = {
			isa = PBXNativeTarget;
			buildConfigurationList = AB0000000000000000000003 /* Build configuration list for PBXNativeTarget "GlossaTests" */;
			buildPhases = (
				A60000000000000000000002 /* Sources */,
				A40000000000000000000002 /* Frameworks */,
				A70000000000000000000002 /* Resources */,
			);
			buildRules = (
			);
			dependencies = (
				AC0000000000000000000001 /* PBXTargetDependency */,
			);
			name = GlossaTests;
			productName = GlossaTests;
			productReference = A20000000000000000000009 /* GlossaTests.xctest */;
			productType = "com.apple.product-type.bundle.unit-test";
		};
/* End PBXNativeTarget section */

/* Begin PBXProject section */
		A90000000000000000000001 /* Project object */ = {
			isa = PBXProject;
			attributes = {
				BuildIndependentTargetsInParallel = YES;
				LastSwiftUpdateCheck = 1600;
				LastUpgradeCheck = 1600;
				TargetAttributes = {
					A80000000000000000000001 = {
						CreatedOnToolsVersion = 16.0;
					};
					A80000000000000000000002 = {
						CreatedOnToolsVersion = 16.0;
						TestTargetID = A80000000000000000000001;
					};
				};
			};
			buildConfigurationList = AB0000000000000000000001 /* Build configuration list for PBXProject "Glossa" */;
			compatibilityVersion = "Xcode 14.0";
			developmentRegion = en;
			hasScannedForEncodings = 0;
			knownRegions = (
				en,
				Base,
			);
			mainGroup = A50000000000000000000001;
			productRefGroup = A50000000000000000000005 /* Products */;
			projectDirPath = "";
			projectRoot = "";
			targets = (
				A80000000000000000000001 /* Glossa */,
				A80000000000000000000002 /* GlossaTests */,
			);
		};
/* End PBXProject section */

/* Begin PBXResourcesBuildPhase section */
		A70000000000000000000001 /* Resources */ = {
			isa = PBXResourcesBuildPhase;
			buildActionMask = 2147483647;
			files = (
				A10000000000000000000014 /* GlossaIcon.icon in Resources */,
				A10000000000000000000015 /* dict.svg in Resources */,
			);
			runOnlyForDeploymentPostprocessing = 0;
		};
		A70000000000000000000002 /* Resources */ = {
			isa = PBXResourcesBuildPhase;
			buildActionMask = 2147483647;
			files = (
			);
			runOnlyForDeploymentPostprocessing = 0;
		};
/* End PBXResourcesBuildPhase section */

/* Begin PBXSourcesBuildPhase section */
		A60000000000000000000001 /* Sources */ = {
			isa = PBXSourcesBuildPhase;
			buildActionMask = 2147483647;
			files = (
				A10000000000000000000001 /* GlossaApp.swift in Sources */,
				A10000000000000000000002 /* PromptTemplate.swift in Sources */,
				A10000000000000000000013 /* TranslationFlow.swift in Sources */,
				A1000000000000000000000A /* GlobalHotKey.swift in Sources */,
				A1000000000000000000000B /* SelectedText.swift in Sources */,
				A10000000000000000000012 /* ClipboardSelectionReader.swift in Sources */,
				A1000000000000000000000C /* LookupController.swift in Sources */,
				A1000000000000000000000D /* LookupPanel.swift in Sources */,
				A10000000000000000000003 /* PromptSettingsView.swift in Sources */,
				A1000000000000000000000E /* APIConfiguration.swift in Sources */,
				A1000000000000000000000F /* ChatCompletionsClient.swift in Sources */,
				A10000000000000000000010 /* APISettingsView.swift in Sources */,
				A10000000000000000000016 /* Wordbook.swift in Sources */,
				A10000000000000000000017 /* WordbookView.swift in Sources */,
			);
			runOnlyForDeploymentPostprocessing = 0;
		};
		A60000000000000000000002 /* Sources */ = {
			isa = PBXSourcesBuildPhase;
			buildActionMask = 2147483647;
			files = (
				A10000000000000000000004 /* PromptTemplateTests.swift in Sources */,
				A10000000000000000000011 /* ChatCompletionsTests.swift in Sources */,
				A10000000000000000000018 /* WordbookTests.swift in Sources */,
			);
			runOnlyForDeploymentPostprocessing = 0;
		};
/* End PBXSourcesBuildPhase section */

/* Begin PBXTargetDependency section */
		AC0000000000000000000001 /* PBXTargetDependency */ = {
			isa = PBXTargetDependency;
			target = A80000000000000000000001 /* Glossa */;
			targetProxy = A30000000000000000000001 /* PBXContainerItemProxy */;
		};
/* End PBXTargetDependency section */

/* Begin XCBuildConfiguration section */
		AA0000000000000000000001 /* Debug */ = {
			isa = XCBuildConfiguration;
			baseConfigurationReference = A20000000000000000000007 /* Shared.xcconfig */;
			buildSettings = {
				DEBUG_INFORMATION_FORMAT = dwarf;
				DEVELOPMENT_TEAM = 5VU9QQ3J6V;
				ENABLE_TESTABILITY = YES;
				ONLY_ACTIVE_ARCH = YES;
				SWIFT_ACTIVE_COMPILATION_CONDITIONS = "DEBUG $(inherited)";
				SWIFT_OPTIMIZATION_LEVEL = "-Onone";
			};
			name = Debug;
		};
		AA0000000000000000000002 /* Release */ = {
			isa = XCBuildConfiguration;
			baseConfigurationReference = A20000000000000000000007 /* Shared.xcconfig */;
			buildSettings = {
				DEBUG_INFORMATION_FORMAT = "dwarf-with-dsym";
				DEVELOPMENT_TEAM = 5VU9QQ3J6V;
				SWIFT_COMPILATION_MODE = wholemodule;
				SWIFT_OPTIMIZATION_LEVEL = "-Osize";
			};
			name = Release;
		};
		AA0000000000000000000003 /* Debug */ = {
			isa = XCBuildConfiguration;
			buildSettings = {
				ASSETCATALOG_COMPILER_APPICON_NAME = GlossaIcon;
				CODE_SIGN_ENTITLEMENTS = "$(GLOSSA_CODE_SIGN_ENTITLEMENTS)";
				ENABLE_APP_SANDBOX = NO;
				ENABLE_HARDENED_RUNTIME = YES;
				GENERATE_INFOPLIST_FILE = NO;
				INFOPLIST_FILE = Glossa/Info.plist;
				LD_RUNPATH_SEARCH_PATHS = (
					"$(inherited)",
					"@executable_path/../Frameworks",
				);
				PRODUCT_BUNDLE_IDENTIFIER = com.tywhisky.Glossa;
				PRODUCT_NAME = "$(TARGET_NAME)";
			};
			name = Debug;
		};
		AA0000000000000000000004 /* Release */ = {
			isa = XCBuildConfiguration;
			buildSettings = {
				ASSETCATALOG_COMPILER_APPICON_NAME = GlossaIcon;
				CODE_SIGN_ENTITLEMENTS = "$(GLOSSA_CODE_SIGN_ENTITLEMENTS)";
				ENABLE_APP_SANDBOX = NO;
				ENABLE_HARDENED_RUNTIME = YES;
				GENERATE_INFOPLIST_FILE = NO;
				INFOPLIST_FILE = Glossa/Info.plist;
				LD_RUNPATH_SEARCH_PATHS = (
					"$(inherited)",
					"@executable_path/../Frameworks",
				);
				PRODUCT_BUNDLE_IDENTIFIER = com.tywhisky.Glossa;
				PRODUCT_NAME = "$(TARGET_NAME)";
			};
			name = Release;
		};
		AA0000000000000000000005 /* Debug */ = {
			isa = XCBuildConfiguration;
			buildSettings = {
				BUNDLE_LOADER = "$(TEST_HOST)";
				GENERATE_INFOPLIST_FILE = YES;
				LD_RUNPATH_SEARCH_PATHS = (
					"$(inherited)",
					"@executable_path/../Frameworks",
					"@loader_path/../Frameworks",
				);
				PRODUCT_BUNDLE_IDENTIFIER = com.tywhisky.GlossaTests;
				PRODUCT_NAME = "$(TARGET_NAME)";
				TEST_HOST = "$(BUILT_PRODUCTS_DIR)/Glossa.app/Contents/MacOS/Glossa";
			};
			name = Debug;
		};
		AA0000000000000000000006 /* Release */ = {
			isa = XCBuildConfiguration;
			buildSettings = {
				BUNDLE_LOADER = "$(TEST_HOST)";
				GENERATE_INFOPLIST_FILE = YES;
				LD_RUNPATH_SEARCH_PATHS = (
					"$(inherited)",
					"@executable_path/../Frameworks",
					"@loader_path/../Frameworks",
				);
				PRODUCT_BUNDLE_IDENTIFIER = com.tywhisky.GlossaTests;
				PRODUCT_NAME = "$(TARGET_NAME)";
				TEST_HOST = "$(BUILT_PRODUCTS_DIR)/Glossa.app/Contents/MacOS/Glossa";
			};
			name = Release;
		};
/* End XCBuildConfiguration section */

/* Begin XCConfigurationList section */
		AB0000000000000000000001 /* Build configuration list for PBXProject "Glossa" */ = {
			isa = XCConfigurationList;
			buildConfigurations = (
				AA0000000000000000000001 /* Debug */,
				AA0000000000000000000002 /* Release */,
			);
			defaultConfigurationIsVisible = 0;
			defaultConfigurationName = Release;
		};
		AB0000000000000000000002 /* Build configuration list for PBXNativeTarget "Glossa" */ = {
			isa = XCConfigurationList;
			buildConfigurations = (
				AA0000000000000000000003 /* Debug */,
				AA0000000000000000000004 /* Release */,
			);
			defaultConfigurationIsVisible = 0;
			defaultConfigurationName = Release;
		};
		AB0000000000000000000003 /* Build configuration list for PBXNativeTarget "GlossaTests" */ = {
			isa = XCConfigurationList;
			buildConfigurations = (
				AA0000000000000000000005 /* Debug */,
				AA0000000000000000000006 /* Release */,
			);
			defaultConfigurationIsVisible = 0;
			defaultConfigurationName = Release;
		};
/* End XCConfigurationList section */
	};
	rootObject = A90000000000000000000001 /* Project object */;
}
